// !$*UTF8*$!
{
	archiveVersion = 1;
	classes = {
	};
	objectVersion = 46;
	objects = {

/* Begin PBXBuildFile section */
		83013E2C1C018E190065B5C2 /* main.m in Sources */ = {isa = PBXBuildFile; fileRef = 83013E2B1C018E190065B5C2 /* main.m */; };
		83013E2F1C018E190065B5C2 /* AppDelegate.m in Sources */ = {isa = PBXBuildFile; fileRef = 83013E2E1C018E190065B5C2 /* AppDelegate.m */; };
		83013E371C018E190065B5C2 /* Images.xcassets in Resources */ = {isa = PBXBuildFile; fileRef = 83013E361C018E190065B5C2 /* Images.xcassets */; };
		83013E3A1C018E190065B5C2 /* LaunchScreen.xib in Resources */ = {isa = PBXBuildFile; fileRef = 83013E381C018E190065B5C2 /* LaunchScreen.xib */; };
		83013E461C018E190065B5C2 /* luggageTests.m in Sources */ = {isa = PBXBuildFile; fileRef = 83013E451C018E190065B5C2 /* luggageTests.m */; };
		83013E611C01D9F40065B5C2 /* UIKit.framework in Frameworks */ = {isa = PBXBuildFile; fileRef = 83013E601C01D9F40065B5C2 /* UIKit.framework */; };
		83013E631C01D9FB0065B5C2 /* Foundation.framework in Frameworks */ = {isa = PBXBuildFile; fileRef = 83013E621C01D9FB0065B5C2 /* Foundation.framework */; };
		83013E651C01DAA30065B5C2 /* QuartzCore.framework in Frameworks */ = {isa = PBXBuildFile; fileRef = 83013E641C01DAA30065B5C2 /* QuartzCore.framework */; };
		83013E671C01DAED0065B5C2 /* CoreLocation.framework in Frameworks */ = {isa = PBXBuildFile; fileRef = 83013E5B1C01D94C0065B5C2 /* CoreLocation.framework */; };
		83013E691C01DB180065B5C2 /* CoreGraphics.framework in Frameworks */ = {isa = PBXBuildFile; fileRef = 83013E681C01DB180065B5C2 /* CoreGraphics.framework */; };
		83013E6B1C01DB550065B5C2 /* libz.dylib in Frameworks */ = {isa = PBXBuildFile; fileRef = 83013E6A1C01DB550065B5C2 /* libz.dylib */; };
		83013E6D1C01DB680065B5C2 /* libstdc++.6.0.9.dylib in Frameworks */ = {isa = PBXBuildFile; fileRef = 83013E6C1C01DB680065B5C2 /* libstdc++.6.0.9.dylib */; };
		83013E6F1C01DB780065B5C2 /* libicucore.dylib in Frameworks */ = {isa = PBXBuildFile; fileRef = 83013E6E1C01DB780065B5C2 /* libicucore.dylib */; };
		83013E711C01DB9B0065B5C2 /* OpenGLES.framework in Frameworks */ = {isa = PBXBuildFile; fileRef = 83013E701C01DB9B0065B5C2 /* OpenGLES.framework */; };
		83013E731C01DBE90065B5C2 /* SystemConfiguration.framework in Frameworks */ = {isa = PBXBuildFile; fileRef = 83013E721C01DBE90065B5C2 /* SystemConfiguration.framework */; };
		83013E751C01DC120065B5C2 /* Security.framework in Frameworks */ = {isa = PBXBuildFile; fileRef = 83013E741C01DC120065B5C2 /* Security.framework */; };
		83013E771C01DC5C0065B5C2 /* CoreTelephony.framework in Frameworks */ = {isa = PBXBuildFile; fileRef = 83013E761C01DC5C0065B5C2 /* CoreTelephony.framework */; };
		83013E7D1C01E7E50065B5C2 /* LocateViewController.m in Sources */ = {isa = PBXBuildFile; fileRef = 83013E7B1C01E7E50065B5C2 /* LocateViewController.m */; };
		83013E7E1C01E7E50065B5C2 /* LocateViewController.xib in Resources */ = {isa = PBXBuildFile; fileRef = 83013E7C1C01E7E50065B5C2 /* LocateViewController.xib */; };
		83465EF11C0377950039C86C /* libWeChatSDK.a in Frameworks */ = {isa = PBXBuildFile; fileRef = 83013E551C01D7930065B5C2 /* libWeChatSDK.a */; };
		83465EF21C0377A30039C86C /* libPushSDK-1.8.3.a in Frameworks */ = {isa = PBXBuildFile; fileRef = 83013E571C01D7A20065B5C2 /* libPushSDK-1.8.3.a */; };
		83465F031C04BC6E0039C86C /* AVFoundation.framework in Frameworks */ = {isa = PBXBuildFile; fileRef = 83465F021C04BC6E0039C86C /* AVFoundation.framework */; };
		83465F051C04BC8E0039C86C /* CoreAudio.framework in Frameworks */ = {isa = PBXBuildFile; fileRef = 83465F041C04BC8E0039C86C /* CoreAudio.framework */; };
		83465F071C04BC970039C86C /* CoreVideo.framework in Frameworks */ = {isa = PBXBuildFile; fileRef = 83465F061C04BC970039C86C /* CoreVideo.framework */; };
		83465F091C04BC9F0039C86C /* CoreMedia.framework in Frameworks */ = {isa = PBXBuildFile; fileRef = 83465F081C04BC9F0039C86C /* CoreMedia.framework */; };
		83465F0B1C04BCB60039C86C /* MediaPlayer.framework in Frameworks */ = {isa = PBXBuildFile; fileRef = 83465F0A1C04BCB60039C86C /* MediaPlayer.framework */; };
		83465F0D1C04BCBC0039C86C /* OpenAL.framework in Frameworks */ = {isa = PBXBuildFile; fileRef = 83465F0C1C04BCBC0039C86C /* OpenAL.framework */; };
		83465F0F1C04BCD50039C86C /* AudioToolbox.framework in Frameworks */ = {isa = PBXBuildFile; fileRef = 83465F0E1C04BCD50039C86C /* AudioToolbox.framework */; };
		83465F771C0B00370039C86C /* MAMapKit.framework in Frameworks */ = {isa = PBXBuildFile; fileRef = 83465F761C0B00370039C86C /* MAMapKit.framework */; };
		83465F791C0B02180039C86C /* SMS_SDK.framework in Frameworks */ = {isa = PBXBuildFile; fileRef = 83465F781C0B02180039C86C /* SMS_SDK.framework */; };
		83465F7B1C0B03A00039C86C /* AMap.bundle in Resources */ = {isa = PBXBuildFile; fileRef = 83465F7A1C0B03A00039C86C /* AMap.bundle */; };
		83465F801C0B08330039C86C /* Icon-60.png in Resources */ = {isa = PBXBuildFile; fileRef = 83465F7D1C0B08330039C86C /* Icon-60.png */; };
		83465F811C0B08330039C86C /* Icon-60@2x.png in Resources */ = {isa = PBXBuildFile; fileRef = 83465F7E1C0B08330039C86C /* Icon-60@2x.png */; };
		83465F821C0B08330039C86C /* Icon-60@3x.png in Resources */ = {isa = PBXBuildFile; fileRef = 83465F7F1C0B08330039C86C /* Icon-60@3x.png */; };
		83465F861C0B08430039C86C /* Icon-Spotlight-40.png in Resources */ = {isa = PBXBuildFile; fileRef = 83465F831C0B08430039C86C /* Icon-Spotlight-40.png */; };
		83465F871C0B08430039C86C /* Icon-Spotlight-40@2x.png in Resources */ = {isa = PBXBuildFile; fileRef = 83465F841C0B08430039C86C /* Icon-Spotlight-40@2x.png */; };
		83465F881C0B08430039C86C /* Icon-Spotlight-40@3x.png in Resources */ = {isa = PBXBuildFile; fileRef = 83465F851C0B08430039C86C /* Icon-Spotlight-40@3x.png */; };
		83465F8C1C0B08550039C86C /* Icon-Small.png in Resources */ = {isa = PBXBuildFile; fileRef = 83465F891C0B08550039C86C /* Icon-Small.png */; };
		83465F8D1C0B08550039C86C /* Icon-Small@2x.png in Resources */ = {isa = PBXBuildFile; fileRef = 83465F8A1C0B08550039C86C /* Icon-Small@2x.png */; };
		83465F8E1C0B08550039C86C /* Icon-Small@3x.png in Resources */ = {isa = PBXBuildFile; fileRef = 83465F8B1C0B08550039C86C /* Icon-Small@3x.png */; };
		83465F921C0B0D2F0039C86C /* ViewController.m in Sources */ = {isa = PBXBuildFile; fileRef = 83465F901C0B0D2F0039C86C /* ViewController.m */; };
		83465F931C0B0D2F0039C86C /* ViewController.xib in Resources */ = {isa = PBXBuildFile; fileRef = 83465F911C0B0D2F0039C86C /* ViewController.xib */; };
		83465F971C0B0D8A0039C86C /* LoginViewController.m in Sources */ = {isa = PBXBuildFile; fileRef = 83465F951C0B0D8A0039C86C /* LoginViewController.m */; };
		83465F981C0B0D8A0039C86C /* LoginViewController.xib in Resources */ = {isa = PBXBuildFile; fileRef = 83465F961C0B0D8A0039C86C /* LoginViewController.xib */; };
		83465F9F1C0B1E780039C86C /* MapKit.framework in Frameworks */ = {isa = PBXBuildFile; fileRef = 83465F9E1C0B1E780039C86C /* MapKit.framework */; };
		8348E1121C0DE69300E34C6B /* XJMenuView.m in Sources */ = {isa = PBXBuildFile; fileRef = 8348E1111C0DE69300E34C6B /* XJMenuView.m */; };
		8355F90B1C17156C001E7352 /* WebsiteViewController.m in Sources */ = {isa = PBXBuildFile; fileRef = 8355F9091C17156C001E7352 /* WebsiteViewController.m */; };
		8355F90C1C17156C001E7352 /* WebsiteViewController.xib in Resources */ = {isa = PBXBuildFile; fileRef = 8355F90A1C17156C001E7352 /* WebsiteViewController.xib */; };
		8376EE1B1C872C8B00C190FF /* UserGuideView.m in Sources */ = {isa = PBXBuildFile; fileRef = 8376EE1A1C872C8B00C190FF /* UserGuideView.m */; };
		8376EE1E1C87367500C190FF /* UserGuideViewController.m in Sources */ = {isa = PBXBuildFile; fileRef = 8376EE1D1C87367500C190FF /* UserGuideViewController.m */; };
		83933F851C15C9E300A7AA6F /* BookViewController.m in Sources */ = {isa = PBXBuildFile; fileRef = 83933F831C15C9E300A7AA6F /* BookViewController.m */; };
		83933F861C15C9E300A7AA6F /* BookViewController.xib in Resources */ = {isa = PBXBuildFile; fileRef = 83933F841C15C9E300A7AA6F /* BookViewController.xib */; };
		83933F8A1C15CDC500A7AA6F /* FootprintViewController.m in Sources */ = {isa = PBXBuildFile; fileRef = 83933F881C15CDC500A7AA6F /* FootprintViewController.m */; };
		83933F8B1C15CDC500A7AA6F /* FootprintViewController.xib in Resources */ = {isa = PBXBuildFile; fileRef = 83933F891C15CDC500A7AA6F /* FootprintViewController.xib */; };
		83933F901C15D55000A7AA6F /* GdTrackOverlay.m in Sources */ = {isa = PBXBuildFile; fileRef = 83933F8D1C15D55000A7AA6F /* GdTrackOverlay.m */; };
		83933F911C15D55000A7AA6F /* GdTrackOverlayView.m in Sources */ = {isa = PBXBuildFile; fileRef = 83933F8F1C15D55000A7AA6F /* GdTrackOverlayView.m */; };
		839458D21C107E0500020561 /* libBLEDevice.a in Frameworks */ = {isa = PBXBuildFile; fileRef = 839458D11C107E0500020561 /* libBLEDevice.a */; };
		83D1D9ED1C18EF45005F4F63 /* XJSettingsVC.m in Sources */ = {isa = PBXBuildFile; fileRef = 83D1D9EC1C18EF45005F4F63 /* XJSettingsVC.m */; };
		83D1D9F01C18EFC7005F4F63 /* XJBaseNavVC.m in Sources */ = {isa = PBXBuildFile; fileRef = 83D1D9EF1C18EFC7005F4F63 /* XJBaseNavVC.m */; };
		83D1D9F71C18F889005F4F63 /* basicInfoCel.m in Sources */ = {isa = PBXBuildFile; fileRef = 83D1D9F21C18F889005F4F63 /* basicInfoCel.m */; };
		83D1D9F81C18F889005F4F63 /* basicInfoCel.xib in Resources */ = {isa = PBXBuildFile; fileRef = 83D1D9F31C18F889005F4F63 /* basicInfoCel.xib */; };
		83D1D9F91C18F889005F4F63 /* XJUserHomeViewController.m in Sources */ = {isa = PBXBuildFile; fileRef = 83D1D9F51C18F889005F4F63 /* XJUserHomeViewController.m */; };
		83D1D9FA1C18F889005F4F63 /* XJUserHomeViewController.xib in Resources */ = {isa = PBXBuildFile; fileRef = 83D1D9F61C18F889005F4F63 /* XJUserHomeViewController.xib */; };
		83E931611C0C73ED00DB1AA2 /* ZZYAcount.m in Sources */ = {isa = PBXBuildFile; fileRef = 83E931601C0C73ED00DB1AA2 /* ZZYAcount.m */; };
		83E931641C0C740400DB1AA2 /* ZZYGps.m in Sources */ = {isa = PBXBuildFile; fileRef = 83E931631C0C740400DB1AA2 /* ZZYGps.m */; };
		83E931671C0C7F9500DB1AA2 /* empty.png in Resources */ = {isa = PBXBuildFile; fileRef = 83E931661C0C7F9500DB1AA2 /* empty.png */; };
		83E9316D1C0C90A700DB1AA2 /* ZZYSMSLoginViewController.m in Sources */ = {isa = PBXBuildFile; fileRef = 83E9316B1C0C90A700DB1AA2 /* ZZYSMSLoginViewController.m */; };
		83E9316E1C0C90A700DB1AA2 /* ZZYSMSLoginViewController.xib in Resources */ = {isa = PBXBuildFile; fileRef = 83E9316C1C0C90A700DB1AA2 /* ZZYSMSLoginViewController.xib */; };
		83E931721C0C94F100DB1AA2 /* ZZYSMSLoginVerifyViewController.m in Sources */ = {isa = PBXBuildFile; fileRef = 83E931701C0C94F100DB1AA2 /* ZZYSMSLoginVerifyViewController.m */; };
		83E931731C0C94F100DB1AA2 /* ZZYSMSLoginVerifyViewController.xib in Resources */ = {isa = PBXBuildFile; fileRef = 83E931711C0C94F100DB1AA2 /* ZZYSMSLoginVerifyViewController.xib */; };
		83FDFF871C1466DB000275AA /* BLEViewController.m in Sources */ = {isa = PBXBuildFile; fileRef = 83FDFF851C1466DB000275AA /* BLEViewController.m */; };
		83FDFF881C1466DB000275AA /* BLEViewController.xib in Resources */ = {isa = PBXBuildFile; fileRef = 83FDFF861C1466DB000275AA /* BLEViewController.xib */; };
		83FDFF8A1C1482F1000275AA /* location.png in Resources */ = {isa = PBXBuildFile; fileRef = 83FDFF891C1482F1000275AA /* location.png */; };
/* End PBXBuildFile section */

/* Begin PBXContainerItemProxy section */
		83013E401C018E190065B5C2 /* PBXContainerItemProxy */ = {
			isa = PBXContainerItemProxy;
			containerPortal = 83013E1E1C018E190065B5C2 /* Project object */;
			proxyType = 1;
			remoteGlobalIDString = 83013E251C018E190065B5C2;
			remoteInfo = dji;
		};
/* End PBXContainerItemProxy section */

/* Begin PBXFileReference section */
		83013E261C018E190065B5C2 /* luggage.app */ = {isa = PBXFileReference; explicitFileType = wrapper.application; includeInIndex = 0; path = luggage.app; sourceTree = BUILT_PRODUCTS_DIR; };
		83013E2A1C018E190065B5C2 /* Info.plist */ = {isa = PBXFileReference; lastKnownFileType = text.plist.xml; path = Info.plist; sourceTree = "<group>"; };
		83013E2B1C018E190065B5C2 /* main.m */ = {isa = PBXFileReference; lastKnownFileType = sourcecode.c.objc; path = main.m; sourceTree = "<group>"; };
		83013E2D1C018E190065B5C2 /* AppDelegate.h */ = {isa = PBXFileReference; lastKnownFileType = sourcecode.c.h; path = AppDelegate.h; sourceTree = "<group>"; };
		83013E2E1C018E190065B5C2 /* AppDelegate.m */ = {isa = PBXFileReference; lastKnownFileType = sourcecode.c.objc; path = AppDelegate.m; sourceTree = "<group>"; };
		83013E361C018E190065B5C2 /* Images.xcassets */ = {isa = PBXFileReference; lastKnownFileType = folder.assetcatalog; path = Images.xcassets; sourceTree = "<group>"; };
		83013E391C018E190065B5C2 /* Base */ = {isa = PBXFileReference; lastKnownFileType = file.xib; name = Base; path = Base.lproj/LaunchScreen.xib; sourceTree = "<group>"; };
		83013E3F1C018E190065B5C2 /* luggage.xctest */ = {isa = PBXFileReference; explicitFileType = wrapper.cfbundle; includeInIndex = 0; path = luggage.xctest; sourceTree = BUILT_PRODUCTS_DIR; };
		83013E441C018E190065B5C2 /* Info.plist */ = {isa = PBXFileReference; lastKnownFileType = text.plist.xml; path = Info.plist; sourceTree = "<group>"; };
		83013E451C018E190065B5C2 /* luggageTests.m */ = {isa = PBXFileReference; lastKnownFileType = sourcecode.c.objc; path = luggageTests.m; sourceTree = "<group>"; };
		83013E551C01D7930065B5C2 /* libWeChatSDK.a */ = {isa = PBXFileReference; lastKnownFileType = archive.ar; name = libWeChatSDK.a; path = luggage/Framework/WechatShare/libWeChatSDK.a; sourceTree = "<group>"; };
		83013E571C01D7A20065B5C2 /* libPushSDK-1.8.3.a */ = {isa = PBXFileReference; lastKnownFileType = archive.ar; name = "libPushSDK-1.8.3.a"; path = "luggage/Framework/JPush/libPushSDK-1.8.3.a"; sourceTree = "<group>"; };
		83013E5B1C01D94C0065B5C2 /* CoreLocation.framework */ = {isa = PBXFileReference; lastKnownFileType = wrapper.framework; name = CoreLocation.framework; path = System/Library/Frameworks/CoreLocation.framework; sourceTree = SDKROOT; };
		83013E5D1C01D9710065B5C2 /* CoreFoundation.framework */ = {isa = PBXFileReference; lastKnownFileType = wrapper.framework; name = CoreFoundation.framework; path = System/Library/Frameworks/CoreFoundation.framework; sourceTree = SDKROOT; };
		83013E601C01D9F40065B5C2 /* UIKit.framework */ = {isa = PBXFileReference; lastKnownFileType = wrapper.framework; name = UIKit.framework; path = System/Library/Frameworks/UIKit.framework; sourceTree = SDKROOT; };
		83013E621C01D9FB0065B5C2 /* Foundation.framework */ = {isa = PBXFileReference; lastKnownFileType = wrapper.framework; name = Foundation.framework; path = System/Library/Frameworks/Foundation.framework; sourceTree = SDKROOT; };
		83013E641C01DAA30065B5C2 /* QuartzCore.framework */ = {isa = PBXFileReference; lastKnownFileType = wrapper.framework; name = QuartzCore.framework; path = System/Library/Frameworks/QuartzCore.framework; sourceTree = SDKROOT; };
		83013E681C01DB180065B5C2 /* CoreGraphics.framework */ = {isa = PBXFileReference; lastKnownFileType = wrapper.framework; name = CoreGraphics.framework; path = System/Library/Frameworks/CoreGraphics.framework; sourceTree = SDKROOT; };
		83013E6A1C01DB550065B5C2 /* libz.dylib */ = {isa = PBXFileReference; lastKnownFileType = "compiled.mach-o.dylib"; name = libz.dylib; path = usr/lib/libz.dylib; sourceTree = SDKROOT; };
		83013E6C1C01DB680065B5C2 /* libstdc++.6.0.9.dylib */ = {isa = PBXFileReference; lastKnownFileType = "compiled.mach-o.dylib"; name = "libstdc++.6.0.9.dylib"; path = "usr/lib/libstdc++.6.0.9.dylib"; sourceTree = SDKROOT; };
		83013E6E1C01DB780065B5C2 /* libicucore.dylib */ = {isa = PBXFileReference; lastKnownFileType = "compiled.mach-o.dylib"; name = libicucore.dylib; path = usr/lib/libicucore.dylib; sourceTree = SDKROOT; };
		83013E701C01DB9B0065B5C2 /* OpenGLES.framework */ = {isa = PBXFileReference; lastKnownFileType = wrapper.framework; name = OpenGLES.framework; path = System/Library/Frameworks/OpenGLES.framework; sourceTree = SDKROOT; };
		83013E721C01DBE90065B5C2 /* SystemConfiguration.framework */ = {isa = PBXFileReference; lastKnownFileType = wrapper.framework; name = SystemConfiguration.framework; path = System/Library/Frameworks/SystemConfiguration.framework; sourceTree = SDKROOT; };
		83013E741C01DC120065B5C2 /* Security.framework */ = {isa = PBXFileReference; lastKnownFileType = wrapper.framework; name = Security.framework; path = System/Library/Frameworks/Security.framework; sourceTree = SDKROOT; };
		83013E761C01DC5C0065B5C2 /* CoreTelephony.framework */ = {isa = PBXFileReference; lastKnownFileType = wrapper.framework; name = CoreTelephony.framework; path = System/Library/Frameworks/CoreTelephony.framework; sourceTree = SDKROOT; };
		83013E7A1C01E7E50065B5C2 /* LocateViewController.h */ = {isa = PBXFileReference; fileEncoding = 4; lastKnownFileType = sourcecode.c.h; name = LocateViewController.h; path = ViewController/LocateViewController.h; sourceTree = "<group>"; };
		83013E7B1C01E7E50065B5C2 /* LocateViewController.m */ = {isa = PBXFileReference; fileEncoding = 4; lastKnownFileType = sourcecode.c.objc; name = LocateViewController.m; path = ViewController/LocateViewController.m; sourceTree = "<group>"; };
		83013E7C1C01E7E50065B5C2 /* LocateViewController.xib */ = {isa = PBXFileReference; fileEncoding = 4; lastKnownFileType = file.xib; name = LocateViewController.xib; path = ViewController/LocateViewController.xib; sourceTree = "<group>"; };
		83013E821C01ED260065B5C2 /* config.h */ = {isa = PBXFileReference; fileEncoding = 4; lastKnownFileType = sourcecode.c.h; name = config.h; path = Model/config.h; sourceTree = "<group>"; };
		83465F021C04BC6E0039C86C /* AVFoundation.framework */ = {isa = PBXFileReference; lastKnownFileType = wrapper.framework; name = AVFoundation.framework; path = System/Library/Frameworks/AVFoundation.framework; sourceTree = SDKROOT; };
		83465F041C04BC8E0039C86C /* CoreAudio.framework */ = {isa = PBXFileReference; lastKnownFileType = wrapper.framework; name = CoreAudio.framework; path = System/Library/Frameworks/CoreAudio.framework; sourceTree = SDKROOT; };
		83465F061C04BC970039C86C /* CoreVideo.framework */ = {isa = PBXFileReference; lastKnownFileType = wrapper.framework; name = CoreVideo.framework; path = System/Library/Frameworks/CoreVideo.framework; sourceTree = SDKROOT; };
		83465F081C04BC9F0039C86C /* CoreMedia.framework */ = {isa = PBXFileReference; lastKnownFileType = wrapper.framework; name = CoreMedia.framework; path = System/Library/Frameworks/CoreMedia.framework; sourceTree = SDKROOT; };
		83465F0A1C04BCB60039C86C /* MediaPlayer.framework */ = {isa = PBXFileReference; lastKnownFileType = wrapper.framework; name = MediaPlayer.framework; path = System/Library/Frameworks/MediaPlayer.framework; sourceTree = SDKROOT; };
		83465F0C1C04BCBC0039C86C /* OpenAL.framework */ = {isa = PBXFileReference; lastKnownFileType = wrapper.framework; name = OpenAL.framework; path = System/Library/Frameworks/OpenAL.framework; sourceTree = SDKROOT; };
		83465F0E1C04BCD50039C86C /* AudioToolbox.framework */ = {isa = PBXFileReference; lastKnownFileType = wrapper.framework; name = AudioToolbox.framework; path = System/Library/Frameworks/AudioToolbox.framework; sourceTree = SDKROOT; };
		83465F761C0B00370039C86C /* MAMapKit.framework */ = {isa = PBXFileReference; lastKnownFileType = wrapper.framework; name = MAMapKit.framework; path = luggage/Framework/Mamap/MAMapKit.framework; sourceTree = "<group>"; };
		83465F781C0B02180039C86C /* SMS_SDK.framework */ = {isa = PBXFileReference; lastKnownFileType = wrapper.framework; name = SMS_SDK.framework; path = luggage/Framework/Sms/SMS_SDK.framework; sourceTree = "<group>"; };
		83465F7A1C0B03A00039C86C /* AMap.bundle */ = {isa = PBXFileReference; lastKnownFileType = "wrapper.plug-in"; name = AMap.bundle; path = luggage/Framework/Mamap/MAMapKit.framework/Versions/2.5.1.174fe76.60159/Resources/AMap.bundle; sourceTree = "<group>"; };
		83465F7D1C0B08330039C86C /* Icon-60.png */ = {isa = PBXFileReference; lastKnownFileType = image.png; name = "Icon-60.png"; path = "icon/Icon-60.png"; sourceTree = "<group>"; };
		83465F7E1C0B08330039C86C /* Icon-60@2x.png */ = {isa = PBXFileReference; lastKnownFileType = image.png; name = "Icon-60@2x.png"; path = "icon/Icon-60@2x.png"; sourceTree = "<group>"; };
		83465F7F1C0B08330039C86C /* Icon-60@3x.png */ = {isa = PBXFileReference; lastKnownFileType = image.png; name = "Icon-60@3x.png"; path = "icon/Icon-60@3x.png"; sourceTree = "<group>"; };
		83465F831C0B08430039C86C /* Icon-Spotlight-40.png */ = {isa = PBXFileReference; lastKnownFileType = image.png; name = "Icon-Spotlight-40.png"; path = "icon/Icon-Spotlight-40.png"; sourceTree = "<group>"; };
		83465F841C0B08430039C86C /* Icon-Spotlight-40@2x.png */ = {isa = PBXFileReference; lastKnownFileType = image.png; name = "Icon-Spotlight-40@2x.png"; path = "icon/Icon-Spotlight-40@2x.png"; sourceTree = "<group>"; };
		83465F851C0B08430039C86C /* Icon-Spotlight-40@3x.png */ = {isa = PBXFileReference; lastKnownFileType = image.png; name = "Icon-Spotlight-40@3x.png"; path = "icon/Icon-Spotlight-40@3x.png"; sourceTree = "<group>"; };
		83465F891C0B08550039C86C /* Icon-Small.png */ = {isa = PBXFileReference; lastKnownFileType = image.png; name = "Icon-Small.png"; path = "icon/Icon-Small.png"; sourceTree = "<group>"; };
		83465F8A1C0B08550039C86C /* Icon-Small@2x.png */ = {isa = PBXFileReference; lastKnownFileType = image.png; name = "Icon-Small@2x.png"; path = "icon/Icon-Small@2x.png"; sourceTree = "<group>"; };
		83465F8B1C0B08550039C86C /* Icon-Small@3x.png */ = {isa = PBXFileReference; lastKnownFileType = image.png; name = "Icon-Small@3x.png"; path = "icon/Icon-Small@3x.png"; sourceTree = "<group>"; };
		83465F8F1C0B0D2F0039C86C /* ViewController.h */ = {isa = PBXFileReference; fileEncoding = 4; lastKnownFileType = sourcecode.c.h; name = ViewController.h; path = ViewController/ViewController.h; sourceTree = "<group>"; };
		83465F901C0B0D2F0039C86C /* ViewController.m */ = {isa = PBXFileReference; fileEncoding = 4; lastKnownFileType = sourcecode.c.objc; name = ViewController.m; path = ViewController/ViewController.m; sourceTree = "<group>"; };
		83465F911C0B0D2F0039C86C /* ViewController.xib */ = {isa = PBXFileReference; fileEncoding = 4; lastKnownFileType = file.xib; name = ViewController.xib; path = ViewController/ViewController.xib; sourceTree = "<group>"; };
		83465F941C0B0D8A0039C86C /* LoginViewController.h */ = {isa = PBXFileReference; fileEncoding = 4; lastKnownFileType = sourcecode.c.h; name = LoginViewController.h; path = ViewController/LoginViewController.h; sourceTree = "<group>"; };
		83465F951C0B0D8A0039C86C /* LoginViewController.m */ = {isa = PBXFileReference; fileEncoding = 4; lastKnownFileType = sourcecode.c.objc; name = LoginViewController.m; path = ViewController/LoginViewController.m; sourceTree = "<group>"; };
		83465F961C0B0D8A0039C86C /* LoginViewController.xib */ = {isa = PBXFileReference; fileEncoding = 4; lastKnownFileType = file.xib; name = LoginViewController.xib; path = ViewController/LoginViewController.xib; sourceTree = "<group>"; };
		83465F9E1C0B1E780039C86C /* MapKit.framework */ = {isa = PBXFileReference; lastKnownFileType = wrapper.framework; name = MapKit.framework; path = System/Library/Frameworks/MapKit.framework; sourceTree = SDKROOT; };
		8348E1101C0DE69300E34C6B /* XJMenuView.h */ = {isa = PBXFileReference; fileEncoding = 4; lastKnownFileType = sourcecode.c.h; name = XJMenuView.h; path = ViewController/XJMenuView.h; sourceTree = "<group>"; };
		8348E1111C0DE69300E34C6B /* XJMenuView.m */ = {isa = PBXFileReference; fileEncoding = 4; lastKnownFileType = sourcecode.c.objc; name = XJMenuView.m; path = ViewController/XJMenuView.m; sourceTree = "<group>"; };
		8355F9081C17156C001E7352 /* WebsiteViewController.h */ = {isa = PBXFileReference; fileEncoding = 4; lastKnownFileType = sourcecode.c.h; name = WebsiteViewController.h; path = ViewController/WebsiteViewController.h; sourceTree = "<group>"; };
		8355F9091C17156C001E7352 /* WebsiteViewController.m */ = {isa = PBXFileReference; fileEncoding = 4; lastKnownFileType = sourcecode.c.objc; name = WebsiteViewController.m; path = ViewController/WebsiteViewController.m; sourceTree = "<group>"; };
		8355F90A1C17156C001E7352 /* WebsiteViewController.xib */ = {isa = PBXFileReference; fileEncoding = 4; lastKnownFileType = file.xib; name = WebsiteViewController.xib; path = ViewController/WebsiteViewController.xib; sourceTree = "<group>"; };
		8376EE191C872C8B00C190FF /* UserGuideView.h */ = {isa = PBXFileReference; fileEncoding = 4; lastKnownFileType = sourcecode.c.h; name = UserGuideView.h; path = ViewController/UserGuideView.h; sourceTree = "<group>"; };
		8376EE1A1C872C8B00C190FF /* UserGuideView.m */ = {isa = PBXFileReference; fileEncoding = 4; lastKnownFileType = sourcecode.c.objc; name = UserGuideView.m; path = ViewController/UserGuideView.m; sourceTree = "<group>"; };
		8376EE1C1C87367500C190FF /* UserGuideViewController.h */ = {isa = PBXFileReference; fileEncoding = 4; lastKnownFileType = sourcecode.c.h; name = UserGuideViewController.h; path = ViewController/UserGuideViewController.h; sourceTree = "<group>"; };
		8376EE1D1C87367500C190FF /* UserGuideViewController.m */ = {isa = PBXFileReference; fileEncoding = 4; lastKnownFileType = sourcecode.c.objc; name = UserGuideViewController.m; path = ViewController/UserGuideViewController.m; sourceTree = "<group>"; };
		83933F821C15C9E300A7AA6F /* BookViewController.h */ = {isa = PBXFileReference; fileEncoding = 4; lastKnownFileType = sourcecode.c.h; name = BookViewController.h; path = ViewController/BookViewController.h; sourceTree = "<group>"; };
		83933F831C15C9E300A7AA6F /* BookViewController.m */ = {isa = PBXFileReference; fileEncoding = 4; lastKnownFileType = sourcecode.c.objc; name = BookViewController.m; path = ViewController/BookViewController.m; sourceTree = "<group>"; };
		83933F841C15C9E300A7AA6F /* BookViewController.xib */ = {isa = PBXFileReference; fileEncoding = 4; lastKnownFileType = file.xib; name = BookViewController.xib; path = ViewController/BookViewController.xib; sourceTree = "<group>"; };
		83933F871C15CDC500A7AA6F /* FootprintViewController.h */ = {isa = PBXFileReference; fileEncoding = 4; lastKnownFileType = sourcecode.c.h; name = FootprintViewController.h; path = ViewController/FootprintViewController.h; sourceTree = "<group>"; };
		83933F881C15CDC500A7AA6F /* FootprintViewController.m */ = {isa = PBXFileReference; fileEncoding = 4; lastKnownFileType = sourcecode.c.objc; name = FootprintViewController.m; path = ViewController/FootprintViewController.m; sourceTree = "<group>"; };
		83933F891C15CDC500A7AA6F /* FootprintViewController.xib */ = {isa = PBXFileReference; fileEncoding = 4; lastKnownFileType = file.xib; name = FootprintViewController.xib; path = ViewController/FootprintViewController.xib; sourceTree = "<group>"; };
		83933F8C1C15D55000A7AA6F /* GdTrackOverlay.h */ = {isa = PBXFileReference; fileEncoding = 4; lastKnownFileType = sourcecode.c.h; name = GdTrackOverlay.h; path = ViewController/GdTrackOverlay.h; sourceTree = "<group>"; };
		83933F8D1C15D55000A7AA6F /* GdTrackOverlay.m */ = {isa = PBXFileReference; fileEncoding = 4; lastKnownFileType = sourcecode.c.objc; name = GdTrackOverlay.m; path = ViewController/GdTrackOverlay.m; sourceTree = "<group>"; };
		83933F8E1C15D55000A7AA6F /* GdTrackOverlayView.h */ = {isa = PBXFileReference; fileEncoding = 4; lastKnownFileType = sourcecode.c.h; name = GdTrackOverlayView.h; path = ViewController/GdTrackOverlayView.h; sourceTree = "<group>"; };
		83933F8F1C15D55000A7AA6F /* GdTrackOverlayView.m */ = {isa = PBXFileReference; fileEncoding = 4; lastKnownFileType = sourcecode.c.objc; name = GdTrackOverlayView.m; path = ViewController/GdTrackOverlayView.m; sourceTree = "<group>"; };
		839458D01C107D8200020561 /* BLEDevice.h */ = {isa = PBXFileReference; fileEncoding = 4; lastKnownFileType = sourcecode.c.h; name = BLEDevice.h; path = BLEDevice/BLEDevice/BLEDevice.h; sourceTree = "<group>"; };
		839458D11C107E0500020561 /* libBLEDevice.a */ = {isa = PBXFileReference; lastKnownFileType = archive.ar; name = libBLEDevice.a; path = "BLEDevice/build/Debug-iphoneos/libBLEDevice.a"; sourceTree = "<group>"; };
		83D1D9EB1C18EF45005F4F63 /* XJSettingsVC.h */ = {isa = PBXFileReference; fileEncoding = 4; lastKnownFileType = sourcecode.c.h; name = XJSettingsVC.h; path = ViewController/XJSettingsVC.h; sourceTree = "<group>"; };
		83D1D9EC1C18EF45005F4F63 /* XJSettingsVC.m */ = {isa = PBXFileReference; fileEncoding = 4; lastKnownFileType = sourcecode.c.objc; name = XJSettingsVC.m; path = ViewController/XJSettingsVC.m; sourceTree = "<group>"; };
		83D1D9EE1C18EFC7005F4F63 /* XJBaseNavVC.h */ = {isa = PBXFileReference; fileEncoding = 4; lastKnownFileType = sourcecode.c.h; name = XJBaseNavVC.h; path = ViewController/XJBaseNavVC.h; sourceTree = "<group>"; };
		83D1D9EF1C18EFC7005F4F63 /* XJBaseNavVC.m */ = {isa = PBXFileReference; fileEncoding = 4; lastKnownFileType = sourcecode.c.objc; name = XJBaseNavVC.m; path = ViewController/XJBaseNavVC.m; sourceTree = "<group>"; };
		83D1D9F11C18F889005F4F63 /* basicInfoCel.h */ = {isa = PBXFileReference; fileEncoding = 4; lastKnownFileType = sourcecode.c.h; name = basicInfoCel.h; path = ViewController/basicInfoCel.h; sourceTree = "<group>"; };
		83D1D9F21C18F889005F4F63 /* basicInfoCel.m */ = {isa = PBXFileReference; fileEncoding = 4; lastKnownFileType = sourcecode.c.objc; name = basicInfoCel.m; path = ViewController/basicInfoCel.m; sourceTree = "<group>"; };
		83D1D9F31C18F889005F4F63 /* basicInfoCel.xib */ = {isa = PBXFileReference; fileEncoding = 4; lastKnownFileType = file.xib; name = basicInfoCel.xib; path = ViewController/basicInfoCel.xib; sourceTree = "<group>"; };
		83D1D9F41C18F889005F4F63 /* XJUserHomeViewController.h */ = {isa = PBXFileReference; fileEncoding = 4; lastKnownFileType = sourcecode.c.h; name = XJUserHomeViewController.h; path = ViewController/XJUserHomeViewController.h; sourceTree = "<group>"; };
		83D1D9F51C18F889005F4F63 /* XJUserHomeViewController.m */ = {isa = PBXFileReference; fileEncoding = 4; lastKnownFileType = sourcecode.c.objc; name = XJUserHomeViewController.m; path = ViewController/XJUserHomeViewController.m; sourceTree = "<group>"; };
		83D1D9F61C18F889005F4F63 /* XJUserHomeViewController.xib */ = {isa = PBXFileReference; fileEncoding = 4; lastKnownFileType = file.xib; name = XJUserHomeViewController.xib; path = ViewController/XJUserHomeViewController.xib; sourceTree = "<group>"; };
		83E9315F1C0C73ED00DB1AA2 /* ZZYAcount.h */ = {isa = PBXFileReference; fileEncoding = 4; lastKnownFileType = sourcecode.c.h; name = ZZYAcount.h; path = Model/ZZYAcount.h; sourceTree = "<group>"; };
		83E931601C0C73ED00DB1AA2 /* ZZYAcount.m */ = {isa = PBXFileReference; fileEncoding = 4; lastKnownFileType = sourcecode.c.objc; name = ZZYAcount.m; path = Model/ZZYAcount.m; sourceTree = "<group>"; };
		83E931621C0C740400DB1AA2 /* ZZYGps.h */ = {isa = PBXFileReference; fileEncoding = 4; lastKnownFileType = sourcecode.c.h; name = ZZYGps.h; path = Model/ZZYGps.h; sourceTree = "<group>"; };
		83E931631C0C740400DB1AA2 /* ZZYGps.m */ = {isa = PBXFileReference; fileEncoding = 4; lastKnownFileType = sourcecode.c.objc; name = ZZYGps.m; path = Model/ZZYGps.m; sourceTree = "<group>"; };
		83E931661C0C7F9500DB1AA2 /* empty.png */ = {isa = PBXFileReference; lastKnownFileType = image.png; name = empty.png; path = images/empty.png; sourceTree = "<group>"; };
		83E931681C0C82E100DB1AA2 /* WXApi.h */ = {isa = PBXFileReference; fileEncoding = 4; lastKnownFileType = sourcecode.c.h; name = WXApi.h; path = luggage/Framework/WechatShare/WXApi.h; sourceTree = "<group>"; };
		83E931691C0C82E100DB1AA2 /* WXApiObject.h */ = {isa = PBXFileReference; fileEncoding = 4; lastKnownFileType = sourcecode.c.h; name = WXApiObject.h; path = luggage/Framework/WechatShare/WXApiObject.h; sourceTree = "<group>"; };
		83E9316A1C0C90A700DB1AA2 /* ZZYSMSLoginViewController.h */ = {isa = PBXFileReference; fileEncoding = 4; lastKnownFileType = sourcecode.c.h; name = ZZYSMSLoginViewController.h; path = ViewController/ZZYSMSLoginViewController.h; sourceTree = "<group>"; };
		83E9316B1C0C90A700DB1AA2 /* ZZYSMSLoginViewController.m */ = {isa = PBXFileReference; fileEncoding = 4; lastKnownFileType = sourcecode.c.objc; name = ZZYSMSLoginViewController.m; path = ViewController/ZZYSMSLoginViewController.m; sourceTree = "<group>"; };
		83E9316C1C0C90A700DB1AA2 /* ZZYSMSLoginViewController.xib */ = {isa = PBXFileReference; fileEncoding = 4; lastKnownFileType = file.xib; name = ZZYSMSLoginViewController.xib; path = ViewController/ZZYSMSLoginViewController.xib; sourceTree = "<group>"; };
		83E9316F1C0C94F100DB1AA2 /* ZZYSMSLoginVerifyViewController.h */ = {isa = PBXFileReference; fileEncoding = 4; lastKnownFileType = sourcecode.c.h; name = ZZYSMSLoginVerifyViewController.h; path = ViewController/ZZYSMSLoginVerifyViewController.h; sourceTree = "<group>"; };
		83E931701C0C94F100DB1AA2 /* ZZYSMSLoginVerifyViewController.m */ = {isa = PBXFileReference; fileEncoding = 4; lastKnownFileType = sourcecode.c.objc; name = ZZYSMSLoginVerifyViewController.m; path = ViewController/ZZYSMSLoginVerifyViewController.m; sourceTree = "<group>"; };
		83E931711C0C94F100DB1AA2 /* ZZYSMSLoginVerifyViewController.xib */ = {isa = PBXFileReference; fileEncoding = 4; lastKnownFileType = file.xib; name = ZZYSMSLoginVerifyViewController.xib; path = ViewController/ZZYSMSLoginVerifyViewController.xib; sourceTree = "<group>"; };
		83FDFF841C1466DB000275AA /* BLEViewController.h */ = {isa = PBXFileReference; fileEncoding = 4; lastKnownFileType = sourcecode.c.h; name = BLEViewController.h; path = ViewController/BLEViewController.h; sourceTree = "<group>"; };
		83FDFF851C1466DB000275AA /* BLEViewController.m */ = {isa = PBXFileReference; fileEncoding = 4; lastKnownFileType = sourcecode.c.objc; name = BLEViewController.m; path = ViewController/BLEViewController.m; sourceTree = "<group>"; };
		83FDFF861C1466DB000275AA /* BLEViewController.xib */ = {isa = PBXFileReference; fileEncoding = 4; lastKnownFileType = file.xib; name = BLEViewController.xib; path = ViewController/BLEViewController.xib; sourceTree = "<group>"; };
		83FDFF891C1482F1000275AA /* location.png */ = {isa = PBXFileReference; lastKnownFileType = image.png; name = location.png; path = images/location.png; sourceTree = "<group>"; };
/* End PBXFileReference section */

/* Begin PBXFrameworksBuildPhase section */
		83013E231C018E190065B5C2 /* Frameworks */ = {
			isa = PBXFrameworksBuildPhase;
			buildActionMask = 2147483647;
			files = (
				839458D21C107E0500020561 /* libBLEDevice.a in Frameworks */,
				83465F9F1C0B1E780039C86C /* MapKit.framework in Frameworks */,
				83465F791C0B02180039C86C /* SMS_SDK.framework in Frameworks */,
				83465F0F1C04BCD50039C86C /* AudioToolbox.framework in Frameworks */,
				83465F0D1C04BCBC0039C86C /* OpenAL.framework in Frameworks */,
				83465F0B1C04BCB60039C86C /* MediaPlayer.framework in Frameworks */,
				83465F091C04BC9F0039C86C /* CoreMedia.framework in Frameworks */,
				83465F071C04BC970039C86C /* CoreVideo.framework in Frameworks */,
				83465F051C04BC8E0039C86C /* CoreAudio.framework in Frameworks */,
				83465F031C04BC6E0039C86C /* AVFoundation.framework in Frameworks */,
				83465EF21C0377A30039C86C /* libPushSDK-1.8.3.a in Frameworks */,
				83465EF11C0377950039C86C /* libWeChatSDK.a in Frameworks */,
				83013E771C01DC5C0065B5C2 /* CoreTelephony.framework in Frameworks */,
				83013E751C01DC120065B5C2 /* Security.framework in Frameworks */,
				83013E731C01DBE90065B5C2 /* SystemConfiguration.framework in Frameworks */,
				83013E711C01DB9B0065B5C2 /* OpenGLES.framework in Frameworks */,
				83013E6F1C01DB780065B5C2 /* libicucore.dylib in Frameworks */,
				83013E6D1C01DB680065B5C2 /* libstdc++.6.0.9.dylib in Frameworks */,
				83013E6B1C01DB550065B5C2 /* libz.dylib in Frameworks */,
				83465F771C0B00370039C86C /* MAMapKit.framework in Frameworks */,
				83013E691C01DB180065B5C2 /* CoreGraphics.framework in Frameworks */,
				83013E671C01DAED0065B5C2 /* CoreLocation.framework in Frameworks */,
				83013E651C01DAA30065B5C2 /* QuartzCore.framework in Frameworks */,
				83013E631C01D9FB0065B5C2 /* Foundation.framework in Frameworks */,
				83013E611C01D9F40065B5C2 /* UIKit.framework in Frameworks */,
			);
			runOnlyForDeploymentPostprocessing = 0;
		};
		83013E3C1C018E190065B5C2 /* Frameworks */ = {
			isa = PBXFrameworksBuildPhase;
			buildActionMask = 2147483647;
			files = (
			);
			runOnlyForDeploymentPostprocessing = 0;
		};
/* End PBXFrameworksBuildPhase section */

/* Begin PBXGroup section */
		83013E1D1C018E190065B5C2 = {
			isa = PBXGroup;
			children = (
				839458D11C107E0500020561 /* libBLEDevice.a */,
				839458D01C107D8200020561 /* BLEDevice.h */,
				83465F7A1C0B03A00039C86C /* AMap.bundle */,
				83013E5F1C01D98B0065B5C2 /* frameworks */,
				83013E281C018E190065B5C2 /* luggage */,
				83013E421C018E190065B5C2 /* luggageTests */,
				83013E271C018E190065B5C2 /* Products */,
			);
			sourceTree = "<group>";
		};
		83013E271C018E190065B5C2 /* Products */ = {
			isa = PBXGroup;
			children = (
				83013E261C018E190065B5C2 /* luggage.app */,
				83013E3F1C018E190065B5C2 /* luggage.xctest */,
			);
			name = Products;
			sourceTree = "<group>";
		};
		83013E281C018E190065B5C2 /* luggage */ = {
			isa = PBXGroup;
			children = (
				83E931651C0C7F8600DB1AA2 /* images */,
				83465F7C1C0B07D70039C86C /* icons */,
				83013E791C01E7B10065B5C2 /* Model */,
				83013E781C01E7A80065B5C2 /* ViewController */,
				83013E2D1C018E190065B5C2 /* AppDelegate.h */,
				83013E2E1C018E190065B5C2 /* AppDelegate.m */,
				83013E361C018E190065B5C2 /* Images.xcassets */,
				83013E381C018E190065B5C2 /* LaunchScreen.xib */,
				83013E291C018E190065B5C2 /* Supporting Files */,
			);
			path = luggage;
			sourceTree = "<group>";
		};
		83013E291C018E190065B5C2 /* Supporting Files */ = {
			isa = PBXGroup;
			children = (
				83013E2A1C018E190065B5C2 /* Info.plist */,
				83013E2B1C018E190065B5C2 /* main.m */,
			);
			name = "Supporting Files";
			sourceTree = "<group>";
		};
		83013E421C018E190065B5C2 /* luggageTests */ = {
			isa = PBXGroup;
			children = (
				83013E451C018E190065B5C2 /* luggageTests.m */,
				83013E431C018E190065B5C2 /* Supporting Files */,
			);
			path = luggageTests;
			sourceTree = "<group>";
		};
		83013E431C018E190065B5C2 /* Supporting Files */ = {
			isa = PBXGroup;
			children = (
				83013E441C018E190065B5C2 /* Info.plist */,
			);
			name = "Supporting Files";
			sourceTree = "<group>";
		};
		83013E5F1C01D98B0065B5C2 /* frameworks */ = {
			isa = PBXGroup;
			children = (
				83E931681C0C82E100DB1AA2 /* WXApi.h */,
				83E931691C0C82E100DB1AA2 /* WXApiObject.h */,
				83465F9E1C0B1E780039C86C /* MapKit.framework */,
				83465F781C0B02180039C86C /* SMS_SDK.framework */,
				83465F761C0B00370039C86C /* MAMapKit.framework */,
				83465F0E1C04BCD50039C86C /* AudioToolbox.framework */,
				83465F0C1C04BCBC0039C86C /* OpenAL.framework */,
				83465F0A1C04BCB60039C86C /* MediaPlayer.framework */,
				83465F081C04BC9F0039C86C /* CoreMedia.framework */,
				83465F061C04BC970039C86C /* CoreVideo.framework */,
				83465F041C04BC8E0039C86C /* CoreAudio.framework */,
				83465F021C04BC6E0039C86C /* AVFoundation.framework */,
				83013E761C01DC5C0065B5C2 /* CoreTelephony.framework */,
				83013E741C01DC120065B5C2 /* Security.framework */,
				83013E721C01DBE90065B5C2 /* SystemConfiguration.framework */,
				83013E701C01DB9B0065B5C2 /* OpenGLES.framework */,
				83013E6E1C01DB780065B5C2 /* libicucore.dylib */,
				83013E6C1C01DB680065B5C2 /* libstdc++.6.0.9.dylib */,
				83013E6A1C01DB550065B5C2 /* libz.dylib */,
				83013E681C01DB180065B5C2 /* CoreGraphics.framework */,
				83013E641C01DAA30065B5C2 /* QuartzCore.framework */,
				83013E621C01D9FB0065B5C2 /* Foundation.framework */,
				83013E601C01D9F40065B5C2 /* UIKit.framework */,
				83013E5D1C01D9710065B5C2 /* CoreFoundation.framework */,
				83013E5B1C01D94C0065B5C2 /* CoreLocation.framework */,
				83013E571C01D7A20065B5C2 /* libPushSDK-1.8.3.a */,
				83013E551C01D7930065B5C2 /* libWeChatSDK.a */,
			);
			name = frameworks;
			sourceTree = "<group>";
		};
		83013E781C01E7A80065B5C2 /* ViewController */ = {
			isa = PBXGroup;
			children = (
				83D1D9F11C18F889005F4F63 /* basicInfoCel.h */,
				83D1D9F21C18F889005F4F63 /* basicInfoCel.m */,
				83D1D9F31C18F889005F4F63 /* basicInfoCel.xib */,
				83D1D9F41C18F889005F4F63 /* XJUserHomeViewController.h */,
				83D1D9F51C18F889005F4F63 /* XJUserHomeViewController.m */,
				83D1D9F61C18F889005F4F63 /* XJUserHomeViewController.xib */,
				83D1D9EE1C18EFC7005F4F63 /* XJBaseNavVC.h */,
				83D1D9EF1C18EFC7005F4F63 /* XJBaseNavVC.m */,
				83D1D9EB1C18EF45005F4F63 /* XJSettingsVC.h */,
				83D1D9EC1C18EF45005F4F63 /* XJSettingsVC.m */,
				83933F8C1C15D55000A7AA6F /* GdTrackOverlay.h */,
				83933F8D1C15D55000A7AA6F /* GdTrackOverlay.m */,
				83933F8E1C15D55000A7AA6F /* GdTrackOverlayView.h */,
				83933F8F1C15D55000A7AA6F /* GdTrackOverlayView.m */,
				8348E1101C0DE69300E34C6B /* XJMenuView.h */,
				8348E1111C0DE69300E34C6B /* XJMenuView.m */,
				83E9316F1C0C94F100DB1AA2 /* ZZYSMSLoginVerifyViewController.h */,
				83E931701C0C94F100DB1AA2 /* ZZYSMSLoginVerifyViewController.m */,
				83E931711C0C94F100DB1AA2 /* ZZYSMSLoginVerifyViewController.xib */,
				83E9316A1C0C90A700DB1AA2 /* ZZYSMSLoginViewController.h */,
				83E9316B1C0C90A700DB1AA2 /* ZZYSMSLoginViewController.m */,
				83E9316C1C0C90A700DB1AA2 /* ZZYSMSLoginViewController.xib */,
				83013E7A1C01E7E50065B5C2 /* LocateViewController.h */,
				83013E7B1C01E7E50065B5C2 /* LocateViewController.m */,
				83013E7C1C01E7E50065B5C2 /* LocateViewController.xib */,
				83465F8F1C0B0D2F0039C86C /* ViewController.h */,
				83465F901C0B0D2F0039C86C /* ViewController.m */,
				83465F911C0B0D2F0039C86C /* ViewController.xib */,
				83465F941C0B0D8A0039C86C /* LoginViewController.h */,
				83465F951C0B0D8A0039C86C /* LoginViewController.m */,
				83465F961C0B0D8A0039C86C /* LoginViewController.xib */,
				83FDFF841C1466DB000275AA /* BLEViewController.h */,
				83FDFF851C1466DB000275AA /* BLEViewController.m */,
				83FDFF861C1466DB000275AA /* BLEViewController.xib */,
				83933F821C15C9E300A7AA6F /* BookViewController.h */,
				83933F831C15C9E300A7AA6F /* BookViewController.m */,
				83933F841C15C9E300A7AA6F /* BookViewController.xib */,
				83933F871C15CDC500A7AA6F /* FootprintViewController.h */,
				83933F881C15CDC500A7AA6F /* FootprintViewController.m */,
				83933F891C15CDC500A7AA6F /* FootprintViewController.xib */,
				8355F9081C17156C001E7352 /* WebsiteViewController.h */,
				8355F9091C17156C001E7352 /* WebsiteViewController.m */,
				8355F90A1C17156C001E7352 /* WebsiteViewController.xib */,
				8376EE191C872C8B00C190FF /* UserGuideView.h */,
				8376EE1A1C872C8B00C190FF /* UserGuideView.m */,
				8376EE1C1C87367500C190FF /* UserGuideViewController.h */,
				8376EE1D1C87367500C190FF /* UserGuideViewController.m */,
			);
			name = ViewController;
			sourceTree = "<group>";
		};
		83013E791C01E7B10065B5C2 /* Model */ = {
			isa = PBXGroup;
			children = (
				83013E821C01ED260065B5C2 /* config.h */,
				83E9315F1C0C73ED00DB1AA2 /* ZZYAcount.h */,
				83E931601C0C73ED00DB1AA2 /* ZZYAcount.m */,
				83E931621C0C740400DB1AA2 /* ZZYGps.h */,
				83E931631C0C740400DB1AA2 /* ZZYGps.m */,
			);
			name = Model;
			sourceTree = "<group>";
		};
		83465F7C1C0B07D70039C86C /* icons */ = {
			isa = PBXGroup;
			children = (
				83465F891C0B08550039C86C /* Icon-Small.png */,
				83465F8A1C0B08550039C86C /* Icon-Small@2x.png */,
				83465F8B1C0B08550039C86C /* Icon-Small@3x.png */,
				83465F831C0B08430039C86C /* Icon-Spotlight-40.png */,
				83465F841C0B08430039C86C /* Icon-Spotlight-40@2x.png */,
				83465F851C0B08430039C86C /* Icon-Spotlight-40@3x.png */,
				83465F7D1C0B08330039C86C /* Icon-60.png */,
				83465F7E1C0B08330039C86C /* Icon-60@2x.png */,
				83465F7F1C0B08330039C86C /* Icon-60@3x.png */,
			);
			name = icons;
			sourceTree = "<group>";
		};
		83E931651C0C7F8600DB1AA2 /* images */ = {
			isa = PBXGroup;
			children = (
				83FDFF891C1482F1000275AA /* location.png */,
				83E931661C0C7F9500DB1AA2 /* empty.png */,
			);
			name = images;
			sourceTree = "<group>";
		};
/* End PBXGroup section */

/* Begin PBXNativeTarget section */
		83013E251C018E190065B5C2 /* luggage */ = {
			isa = PBXNativeTarget;
			buildConfigurationList = 83013E491C018E190065B5C2 /* Build configuration list for PBXNativeTarget "luggage" */;
			buildPhases = (
				83013E221C018E190065B5C2 /* Sources */,
				83013E231C018E190065B5C2 /* Frameworks */,
				83013E241C018E190065B5C2 /* Resources */,
			);
			buildRules = (
			);
			dependencies = (
			);
			name = luggage;
			productName = dji;
			productReference = 83013E261C018E190065B5C2 /* luggage.app */;
			productType = "com.apple.product-type.application";
		};
		83013E3E1C018E190065B5C2 /* luggageTests */ = {
			isa = PBXNativeTarget;
			buildConfigurationList = 83013E4C1C018E190065B5C2 /* Build configuration list for PBXNativeTarget "luggageTests" */;
			buildPhases = (
				83013E3B1C018E190065B5C2 /* Sources */,
				83013E3C1C018E190065B5C2 /* Frameworks */,
				83013E3D1C018E190065B5C2 /* Resources */,
			);
			buildRules = (
			);
			dependencies = (
				83013E411C018E190065B5C2 /* PBXTargetDependency */,
			);
			name = luggageTests;
			productName = djiTests;
			productReference = 83013E3F1C018E190065B5C2 /* luggage.xctest */;
			productType = "com.apple.product-type.bundle.unit-test";
		};
/* End PBXNativeTarget section */

/* Begin PBXProject section */
		83013E1E1C018E190065B5C2 /* Project object */ = {
			isa = PBXProject;
			attributes = {
				LastUpgradeCheck = 0710;
				ORGANIZATIONNAME = "张志阳";
				TargetAttributes = {
					83013E251C018E190065B5C2 = {
						CreatedOnToolsVersion = 6.4;
						DevelopmentTeam = 3A3Q6559K4;
						SystemCapabilities = {
							com.apple.BackgroundModes = {
								enabled = 1;
							};
							com.apple.Push = {
								enabled = 1;
							};
						};
					};
					83013E3E1C018E190065B5C2 = {
						CreatedOnToolsVersion = 6.4;
						TestTargetID = 83013E251C018E190065B5C2;
					};
				};
			};
			buildConfigurationList = 83013E211C018E190065B5C2 /* Build configuration list for PBXProject "luggage" */;
			compatibilityVersion = "Xcode 3.2";
			developmentRegion = English;
			hasScannedForEncodings = 0;
			knownRegions = (
				en,
				Base,
			);
			mainGroup = 83013E1D1C018E190065B5C2;
			productRefGroup = 83013E271C018E190065B5C2 /* Products */;
			projectDirPath = "";
			projectRoot = "";
			targets = (
				83013E251C018E190065B5C2 /* luggage */,
				83013E3E1C018E190065B5C2 /* luggageTests */,
			);
		};
/* End PBXProject section */

/* Begin PBXResourcesBuildPhase section */
		83013E241C018E190065B5C2 /* Resources */ = {
			isa = PBXResourcesBuildPhase;
			buildActionMask = 2147483647;
			files = (
				83465F801C0B08330039C86C /* Icon-60.png in Resources */,
				83465F8E1C0B08550039C86C /* Icon-Small@3x.png in Resources */,
				83E9316E1C0C90A700DB1AA2 /* ZZYSMSLoginViewController.xib in Resources */,
				83465F8C1C0B08550039C86C /* Icon-Small.png in Resources */,
				83D1D9FA1C18F889005F4F63 /* XJUserHomeViewController.xib in Resources */,
				83FDFF8A1C1482F1000275AA /* location.png in Resources */,
				83933F861C15C9E300A7AA6F /* BookViewController.xib in Resources */,
				83E931671C0C7F9500DB1AA2 /* empty.png in Resources */,
				83465F881C0B08430039C86C /* Icon-Spotlight-40@3x.png in Resources */,
				83465F871C0B08430039C86C /* Icon-Spotlight-40@2x.png in Resources */,
				83465F981C0B0D8A0039C86C /* LoginViewController.xib in Resources */,
				83FDFF881C1466DB000275AA /* BLEViewController.xib in Resources */,
				83D1D9F81C18F889005F4F63 /* basicInfoCel.xib in Resources */,
				83465F931C0B0D2F0039C86C /* ViewController.xib in Resources */,
				83465F7B1C0B03A00039C86C /* AMap.bundle in Resources */,
				83013E3A1C018E190065B5C2 /* LaunchScreen.xib in Resources */,
				83933F8B1C15CDC500A7AA6F /* FootprintViewController.xib in Resources */,
				83013E7E1C01E7E50065B5C2 /* LocateViewController.xib in Resources */,
				83465F821C0B08330039C86C /* Icon-60@3x.png in Resources */,
				83465F861C0B08430039C86C /* Icon-Spotlight-40.png in Resources */,
				83465F8D1C0B08550039C86C /* Icon-Small@2x.png in Resources */,
				8355F90C1C17156C001E7352 /* WebsiteViewController.xib in Resources */,
				83E931731C0C94F100DB1AA2 /* ZZYSMSLoginVerifyViewController.xib in Resources */,
				83013E371C018E190065B5C2 /* Images.xcassets in Resources */,
				83465F811C0B08330039C86C /* Icon-60@2x.png in Resources */,
			);
			runOnlyForDeploymentPostprocessing = 0;
		};
		83013E3D1C018E190065B5C2 /* Resources */ = {
			isa = PBXResourcesBuildPhase;
			buildActionMask = 2147483647;
			files = (
			);
			runOnlyForDeploymentPostprocessing = 0;
		};
/* End PBXResourcesBuildPhase section */

/* Begin PBXSourcesBuildPhase section */
		83013E221C018E190065B5C2 /* Sources */ = {
			isa = PBXSourcesBuildPhase;
			buildActionMask = 2147483647;
			files = (
				83013E2F1C018E190065B5C2 /* AppDelegate.m in Sources */,
				83D1D9F01C18EFC7005F4F63 /* XJBaseNavVC.m in Sources */,
				83013E7D1C01E7E50065B5C2 /* LocateViewController.m in Sources */,
				83E931641C0C740400DB1AA2 /* ZZYGps.m in Sources */,
				83013E2C1C018E190065B5C2 /* main.m in Sources */,
				83FDFF871C1466DB000275AA /* BLEViewController.m in Sources */,
				83933F851C15C9E300A7AA6F /* BookViewController.m in Sources */,
				8355F90B1C17156C001E7352 /* WebsiteViewController.m in Sources */,
				83E931611C0C73ED00DB1AA2 /* ZZYAcount.m in Sources */,
				83933F901C15D55000A7AA6F /* GdTrackOverlay.m in Sources */,
				8376EE1B1C872C8B00C190FF /* UserGuideView.m in Sources */,
				83933F8A1C15CDC500A7AA6F /* FootprintViewController.m in Sources */,
				83465F921C0B0D2F0039C86C /* ViewController.m in Sources */,
				83D1D9F71C18F889005F4F63 /* basicInfoCel.m in Sources */,
				83465F971C0B0D8A0039C86C /* LoginViewController.m in Sources */,
				83D1D9F91C18F889005F4F63 /* XJUserHomeViewController.m in Sources */,
				83933F911C15D55000A7AA6F /* GdTrackOverlayView.m in Sources */,
				83E931721C0C94F100DB1AA2 /* ZZYSMSLoginVerifyViewController.m in Sources */,
				8348E1121C0DE69300E34C6B /* XJMenuView.m in Sources */,
				83E9316D1C0C90A700DB1AA2 /* ZZYSMSLoginViewController.m in Sources */,
				8376EE1E1C87367500C190FF /* UserGuideViewController.m in Sources */,
				83D1D9ED1C18EF45005F4F63 /* XJSettingsVC.m in Sources */,
			);
			runOnlyForDeploymentPostprocessing = 0;
		};
		83013E3B1C018E190065B5C2 /* Sources */ = {
			isa = PBXSourcesBuildPhase;
			buildActionMask = 2147483647;
			files = (
				83013E461C018E190065B5C2 /* luggageTests.m in Sources */,
			);
			runOnlyForDeploymentPostprocessing = 0;
		};
/* End PBXSourcesBuildPhase section */

/* Begin PBXTargetDependency section */
		83013E411C018E190065B5C2 /* PBXTargetDependency */ = {
			isa = PBXTargetDependency;
			target = 83013E251C018E190065B5C2 /* luggage */;
			targetProxy = 83013E401C018E190065B5C2 /* PBXContainerItemProxy */;
		};
/* End PBXTargetDependency section */

/* Begin PBXVariantGroup section */
		83013E381C018E190065B5C2 /* LaunchScreen.xib */ = {
			isa = PBXVariantGroup;
			children = (
				83013E391C018E190065B5C2 /* Base */,
			);
			name = LaunchScreen.xib;
			sourceTree = "<group>";
		};
/* End PBXVariantGroup section */

/* Begin XCBuildConfiguration section */
		83013E471C018E190065B5C2 /* Debug */ = {
			isa = XCBuildConfiguration;
			buildSettings = {
				ALWAYS_SEARCH_USER_PATHS = NO;
				CLANG_CXX_LANGUAGE_STANDARD = "gnu++0x";
				CLANG_CXX_LIBRARY = "libc++";
				CLANG_ENABLE_MODULES = YES;
				CLANG_ENABLE_OBJC_ARC = YES;
				CLANG_WARN_BOOL_CONVERSION = YES;
				CLANG_WARN_CONSTANT_CONVERSION = YES;
				CLANG_WARN_DIRECT_OBJC_ISA_USAGE = YES_ERROR;
				CLANG_WARN_EMPTY_BODY = YES;
				CLANG_WARN_ENUM_CONVERSION = YES;
				CLANG_WARN_INT_CONVERSION = YES;
				CLANG_WARN_OBJC_ROOT_CLASS = YES_ERROR;
				CLANG_WARN_UNREACHABLE_CODE = YES;
				CLANG_WARN__DUPLICATE_METHOD_MATCH = YES;
				"CODE_SIGN_IDENTITY[sdk=iphoneos*]" = "iPhone Developer";
				COPY_PHASE_STRIP = NO;
				DEBUG_INFORMATION_FORMAT = "dwarf-with-dsym";
				ENABLE_BITCODE = NO;
				ENABLE_STRICT_OBJC_MSGSEND = YES;
				ENABLE_TESTABILITY = YES;
				GCC_C_LANGUAGE_STANDARD = gnu99;
				GCC_DYNAMIC_NO_PIC = NO;
				GCC_NO_COMMON_BLOCKS = YES;
				GCC_OPTIMIZATION_LEVEL = 0;
				GCC_PREPROCESSOR_DEFINITIONS = (
					"DEBUG=1",
					"$(inherited)",
				);
				GCC_SYMBOLS_PRIVATE_EXTERN = NO;
				GCC_WARN_64_TO_32_BIT_CONVERSION = YES;
				GCC_WARN_ABOUT_RETURN_TYPE = YES_ERROR;
				GCC_WARN_UNDECLARED_SELECTOR = YES;
				GCC_WARN_UNINITIALIZED_AUTOS = YES_AGGRESSIVE;
				GCC_WARN_UNUSED_FUNCTION = YES;
				GCC_WARN_UNUSED_VARIABLE = YES;
				IPHONEOS_DEPLOYMENT_TARGET = 8.4;
				MTL_ENABLE_DEBUG_INFO = YES;
				ONLY_ACTIVE_ARCH = NO;
				SDKROOT = iphoneos;
				VALID_ARCHS = armv7;
			};
			name = Debug;
		};
		83013E481C018E190065B5C2 /* Release */ = {
			isa = XCBuildConfiguration;
			buildSettings = {
				ALWAYS_SEARCH_USER_PATHS = NO;
				CLANG_CXX_LANGUAGE_STANDARD = "gnu++0x";
				CLANG_CXX_LIBRARY = "libc++";
				CLANG_ENABLE_MODULES = YES;
				CLANG_ENABLE_OBJC_ARC = YES;
				CLANG_WARN_BOOL_CONVERSION = YES;
				CLANG_WARN_CONSTANT_CONVERSION = YES;
				CLANG_WARN_DIRECT_OBJC_ISA_USAGE = YES_ERROR;
				CLANG_WARN_EMPTY_BODY = YES;
				CLANG_WARN_ENUM_CONVERSION = YES;
				CLANG_WARN_INT_CONVERSION = YES;
				CLANG_WARN_OBJC_ROOT_CLASS = YES_ERROR;
				CLANG_WARN_UNREACHABLE_CODE = YES;
				CLANG_WARN__DUPLICATE_METHOD_MATCH = YES;
				"CODE_SIGN_IDENTITY[sdk=iphoneos*]" = "iPhone Developer";
				COPY_PHASE_STRIP = NO;
				DEBUG_INFORMATION_FORMAT = "dwarf-with-dsym";
				ENABLE_BITCODE = NO;
				ENABLE_NS_ASSERTIONS = NO;
				ENABLE_STRICT_OBJC_MSGSEND = YES;
				GCC_C_LANGUAGE_STANDARD = gnu99;
				GCC_NO_COMMON_BLOCKS = YES;
				GCC_WARN_64_TO_32_BIT_CONVERSION = YES;
				GCC_WARN_ABOUT_RETURN_TYPE = YES_ERROR;
				GCC_WARN_UNDECLARED_SELECTOR = YES;
				GCC_WARN_UNINITIALIZED_AUTOS = YES_AGGRESSIVE;
				GCC_WARN_UNUSED_FUNCTION = YES;
				GCC_WARN_UNUSED_VARIABLE = YES;
				IPHONEOS_DEPLOYMENT_TARGET = 8.4;
				MTL_ENABLE_DEBUG_INFO = NO;
				SDKROOT = iphoneos;
				VALIDATE_PRODUCT = YES;
				VALID_ARCHS = armv7;
			};
			name = Release;
		};
		83013E4A1C018E190065B5C2 /* Debug */ = {
			isa = XCBuildConfiguration;
			buildSettings = {
				ASSETCATALOG_COMPILER_APPICON_NAME = AppIcon;
				CODE_SIGN_IDENTITY = "iPhone Developer";
				"CODE_SIGN_IDENTITY[sdk=iphoneos*]" = "iPhone Developer";
				ENABLE_BITCODE = NO;
				FRAMEWORK_SEARCH_PATHS = (
					"$(PROJECT_DIR)/luggage/Framework/Mamap",
					"$(PROJECT_DIR)/luggage/Framework/Sms",
					"$(PROJECT_DIR)/luggage/Framework/WechatShare",
				);
				INFOPLIST_FILE = luggage/Info.plist;
				IPHONEOS_DEPLOYMENT_TARGET = 9.1;
				LD_RUNPATH_SEARCH_PATHS = "$(inherited) @executable_path/Frameworks";
				LIBRARY_SEARCH_PATHS = (
					"$(inherited)",
					"$(PROJECT_DIR)/luggage/Framework/Mamap",
					"$(PROJECT_DIR)/luggage/Framework/WechatShare",
					"$(PROJECT_DIR)/luggage/Framework/JPush",
					"$(PROJECT_DIR)/luggage/Framework/RTSP",
					"$(PROJECT_DIR)/BLEDevice/build/Debug-iphoneos",
				);
				ONLY_ACTIVE_ARCH = NO;
				OTHER_LDFLAGS = "-ObjC";
				PRODUCT_BUNDLE_IDENTIFIER = "com.zzy.$(PRODUCT_NAME:rfc1034identifier)";
				PRODUCT_NAME = luggage;
				PROVISIONING_PROFILE = "";
				TARGETED_DEVICE_FAMILY = "1,2";
				USER_HEADER_SEARCH_PATHS = "$(PROJECT_DIR)/../BLEDevice/**";
				"USER_HEADER_SEARCH_PATHS[arch=*]" = "";
				VALID_ARCHS = armv7;
			};
			name = Debug;
		};
		83013E4B1C018E190065B5C2 /* Release */ = {
			isa = XCBuildConfiguration;
			buildSettings = {
				ASSETCATALOG_COMPILER_APPICON_NAME = AppIcon;
				CODE_SIGN_IDENTITY = "iPhone Developer";
				"CODE_SIGN_IDENTITY[sdk=iphoneos*]" = "iPhone Developer";
				ENABLE_BITCODE = NO;
				FRAMEWORK_SEARCH_PATHS = (
					"$(PROJECT_DIR)/luggage/Framework/Mamap",
					"$(PROJECT_DIR)/luggage/Framework/Sms",
					"$(PROJECT_DIR)/luggage/Framework/WechatShare",
				);
				INFOPLIST_FILE = luggage/Info.plist;
				IPHONEOS_DEPLOYMENT_TARGET = 9.1;
				LD_RUNPATH_SEARCH_PATHS = "$(inherited) @executable_path/Frameworks";
				LIBRARY_SEARCH_PATHS = (
					"$(inherited)",
					"$(PROJECT_DIR)/luggage/Framework/Mamap",
					"$(PROJECT_DIR)/luggage/Framework/WechatShare",
					"$(PROJECT_DIR)/luggage/Framework/JPush",
					"$(PROJECT_DIR)/luggage/Framework/RTSP",
					"$(PROJECT_DIR)/BLEDevice/build/Debug-iphoneos",
				);
				ONLY_ACTIVE_ARCH = NO;
				OTHER_LDFLAGS = "-ObjC";
				PRODUCT_BUNDLE_IDENTIFIER = "com.zzy.$(PRODUCT_NAME:rfc1034identifier)";
				PRODUCT_NAME = luggage;
				PROVISIONING_PROFILE = "";
				TARGETED_DEVICE_FAMILY = "1,2";
				USER_HEADER_SEARCH_PATHS = "$(PROJECT_DIR)/../BLEDevice/BLEDevice";
				VALID_ARCHS = armv7;
			};
			name = Release;
		};
		83013E4D1C018E190065B5C2 /* Debug */ = {
			isa = XCBuildConfiguration;
			buildSettings = {
				BUNDLE_LOADER = "$(TEST_HOST)";
				FRAMEWORK_SEARCH_PATHS = (
					"$(SDKROOT)/Developer/Library/Frameworks",
					"$(inherited)",
				);
				GCC_PREPROCESSOR_DEFINITIONS = (
					"DEBUG=1",
					"$(inherited)",
				);
				INFOPLIST_FILE = luggageTests/Info.plist;
				LD_RUNPATH_SEARCH_PATHS = "$(inherited) @executable_path/Frameworks @loader_path/Frameworks";
				PRODUCT_BUNDLE_IDENTIFIER = "com.zzy.$(PRODUCT_NAME:rfc1034identifier)";
				PRODUCT_NAME = luggage;
				TEST_HOST = "$(BUILT_PRODUCTS_DIR)/luggage.app/luggage";
				VALID_ARCHS = armv7;
			};
			name = Debug;
		};
		83013E4E1C018E190065B5C2 /* Release */ = {
			isa = XCBuildConfiguration;
			buildSettings = {
				BUNDLE_LOADER = "$(TEST_HOST)";
				FRAMEWORK_SEARCH_PATHS = (
					"$(SDKROOT)/Developer/Library/Frameworks",
					"$(inherited)",
				);
				INFOPLIST_FILE = luggageTests/Info.plist;
				LD_RUNPATH_SEARCH_PATHS = "$(inherited) @executable_path/Frameworks @loader_path/Frameworks";
				PRODUCT_BUNDLE_IDENTIFIER = "com.zzy.$(PRODUCT_NAME:rfc1034identifier)";
				PRODUCT_NAME = luggage;
				TEST_HOST = "$(BUILT_PRODUCTS_DIR)/luggage.app/luggage";
				VALID_ARCHS = armv7;
			};
			name = Release;
		};
/* End XCBuildConfiguration section */

/* Begin XCConfigurationList section */
		83013E211C018E190065B5C2 /* Build configuration list for PBXProject "luggage" */ = {
			isa = XCConfigurationList;
			buildConfigurations = (
				83013E471C018E190065B5C2 /* Debug */,
				83013E481C018E190065B5C2 /* Release */,
			);
			defaultConfigurationIsVisible = 0;
			defaultConfigurationName = Release;
		};
		83013E491C018E190065B5C2 /* Build configuration list for PBXNativeTarget "luggage" */ = {
			isa = XCConfigurationList;
			buildConfigurations = (
				83013E4A1C018E190065B5C2 /* Debug */,
				83013E4B1C018E190065B5C2 /* Release */,
			);
			defaultConfigurationIsVisible = 0;
			defaultConfigurationName = Release;
		};
		83013E4C1C018E190065B5C2 /* Build configuration list for PBXNativeTarget "luggageTests" */ = {
			isa = XCConfigurationList;
			buildConfigurations = (
				83013E4D1C018E190065B5C2 /* Debug */,
				83013E4E1C018E190065B5C2 /* Release */,
			);
			defaultConfigurationIsVisible = 0;
			defaultConfigurationName = Release;
		};
/* End XCConfigurationList section */
	};
	rootObject = 83013E1E1C018E190065B5C2 /* Project object */;
}
